
Microsoft Visual Studio Solution File, Format Version 12.00
# Visual Studio 15
VisualStudioVersion = 15.0.27703.2026
MinimumVisualStudioVersion = 10.0.40219.1
Project("{FAE04EC0-301F-11D3-BF4B-00C04F79EFBC}") = "BankApp", "UnitTesting\BankApp.csproj", "{8A5C62E2-2F40-4488-9C87-A70C24598CF6}"
EndProject
Project("{FAE04EC0-301F-11D3-BF4B-00C04F79EFBC}") = "BankTest", "BankTest\BankTest.csproj", "{72DE9499-A3CB-417A-92D5-917A60B98147}"
EndProject
Global
	GlobalSection(SolutionConfigurationPlatforms) = preSolution
		Debug|Any CPU = Debug|Any CPU
		Release|Any CPU = Release|Any CPU
	EndGlobalSection
	GlobalSection(ProjectConfigurationPlatforms) = postSolution
		{8A5C62E2-2F40-4488-9C87-A70C24598CF6}.Debug|Any CPU.ActiveCfg = Debug|Any CPU
		{8A5C62E2-2F40-4488-9C87-A70C24598CF6}.Debug|Any CPU.Build.0 = Debug|Any CPU
		{8A5C62E2-2F40-4488-9C87-A70C24598CF6}.Release|Any CPU.ActiveCfg = Release|Any CPU
		{8A5C62E2-2F40-4488-9C87-A70C24598CF6}.Release|Any CPU.Build.0 = Release|Any CPU
		{72DE9499-A3CB-417A-92D5-917A60B98147}.Debug|Any CPU.ActiveCfg = Debug|Any CPU
		{72DE9499-A3CB-417A-92D5-917A60B98147}.Debug|Any CPU.Build.0 = Debug|Any CPU
		{72DE9499-A3CB-417A-92D5-917A60B98147}.Release|Any CPU.ActiveCfg = Release|Any CPU
		{72DE9499-A3CB-417A-92D5-917A60B98147}.Release|Any CPU.Build.0 = Release|Any CPU
	EndGlobalSection
	GlobalSection(SolutionProperties) = preSolution
		HideSolutionNode = FALSE
	EndGlobalSection
	GlobalSection(ExtensibilityGlobals) = postSolution
		SolutionGuid = {CF42DD47-BEBD-493F-949D-4E91B0DE627C}
	EndGlobalSection
EndGlobal
